
Microsoft Visual Studio Solution File, Format Version 12.00
# Visual Studio Version 17
VisualStudioVersion = 17.8.34511.84
MinimumVisualStudioVersion = 10.0.40219.1
Project("{FAE04EC0-301F-11D3-BF4B-00C04F79EFBC}") = "INeedAnApp", "INeedAnApp\INeedAnApp.csproj", "{FEC8FB7C-3923-46D2-854D-F6F580D73715}"
EndProject
Global
	GlobalSection(SolutionConfigurationPlatforms) = preSolution
		Debug|Any CPU = Debug|Any CPU
		Release|Any CPU = Release|Any CPU
	EndGlobalSection
	GlobalSection(ProjectConfigurationPlatforms) = postSolution
		{FEC8FB7C-3923-46D2-854D-F6F580D73715}.Debug|Any CPU.ActiveCfg = Debug|Any CPU
		{FEC8FB7C-3923-46D2-854D-F6F580D73715}.Debug|Any CPU.Build.0 = Debug|Any CPU
		{FEC8FB7C-3923-46D2-854D-F6F580D73715}.Debug|Any CPU.Deploy.0 = Debug|Any CPU
		{FEC8FB7C-3923-46D2-854D-F6F580D73715}.Release|Any CPU.ActiveCfg = Release|Any CPU
		{FEC8FB7C-3923-46D2-854D-F6F580D73715}.Release|Any CPU.Build.0 = Release|Any CPU
		{FEC8FB7C-3923-46D2-854D-F6F580D73715}.Release|Any CPU.Deploy.0 = Release|Any CPU
	EndGlobalSection
	GlobalSection(SolutionProperties) = preSolution
		HideSolutionNode = FALSE
	EndGlobalSection
	GlobalSection(ExtensibilityGlobals) = postSolution
		SolutionGuid = {22E51507-3300-48CA-8DA4-962265A14006}
	EndGlobalSection
EndGlobal
